<?xml version="1.0" encoding="utf-8"?>
<Project ToolsVersion="4.0" xmlns="http://schemas.microsoft.com/developer/msbuild/2003">
  <ItemGroup>
    <Filter Include="Source Files">
      <UniqueIdentifier>{4FC737F1-C7A5-4376-A066-2A32D752A2FF}</UniqueIdentifier>
      <Extensions>cpp;c;cc;cxx;def;odl;idl;hpj;bat;asm;asmx</Extensions>
    </Filter>
    <Filter Include="Header Files">
      <UniqueIdentifier>{93995380-89BD-4b04-88EB-625FBE52EBFB}</UniqueIdentifier>
      <Extensions>h;hh;hpp;hxx;hm;inl;inc;xsd</Extensions>
    </Filter>
    <Filter Include="Resource Files">
      <UniqueIdentifier>{67DA6AB6-F800-4c08-8B7A-83BB121AAD01}</UniqueIdentifier>
      <Extensions>rc;ico;cur;bmp;dlg;rc2;rct;bin;rgs;gif;jpg;jpeg;jpe;resx;tiff;tif;png;wav;mfcribbon-ms</Extensions>
    </Filter>
    <Filter Include="Source Files\fourier">
      <UniqueIdentifier>{636a5f00-446b-4ca7-ad2a-aecc55727093}</UniqueIdentifier>
    </Filter>
    <Filter Include="Source Files\data">
      <UniqueIdentifier>{5ef9e8b4-5d22-43ca-ba09-aeeb0b8e3eca}</UniqueIdentifier>
    </Filter>
    <Filter Include="Source Files\gui">
      <UniqueIdentifier>{cf1553e2-2ef4-4eba-b258-e45b90140084}</UniqueIdentifier>
    </Filter>
    <Filter Include="Source Files\old.gui">
      <UniqueIdentifier>{b4f1c20c-9940-4e7d-a8fb-8645e6550325}</UniqueIdentifier>
    </Filter>
  </ItemGroup>
  <ItemGroup>
    <ClCompile Include="fft.cpp">
      <Filter>Source Files\fourier</Filter>
    </ClCompile>
    <ClCompile Include="qft.cpp">
      <Filter>Source Files\fourier</Filter>
    </ClCompile>
    <ClCompile Include="complex.cpp">
      <Filter>Source Files\fourier</Filter>
    </ClCompile>
    <ClCompile Include="matrixGenerator.cpp">
      <Filter>Source Files\data</Filter>
    </ClCompile>
    <ClCompile Include="DataManagement.cpp">
      <Filter>Source Files\data</Filter>
    </ClCompile>
    <ClCompile Include="latexParser.cpp">
      <Filter>Source Files\data</Filter>
    </ClCompile>
    <ClCompile Include="pag2.cpp">
      <Filter>Source Files\gui</Filter>
    </ClCompile>
    <ClCompile Include="pag3.cpp">
      <Filter>Source Files\gui</Filter>
    </ClCompile>
    <ClCompile Include="pag4.cpp">
      <Filter>Source Files\gui</Filter>
    </ClCompile>
    <ClCompile Include="pag5.cpp">
      <Filter>Source Files\gui</Filter>
    </ClCompile>
    <ClCompile Include="interface.cpp">
      <Filter>Source Files\old.gui</Filter>
    </ClCompile>
    <ClCompile Include="main.cpp">
      <Filter>Source Files\old.gui</Filter>
    </ClCompile>
    <ClCompile Include="FTSimulatorMainGUI.cpp">
      <Filter>Source Files</Filter>
    </ClCompile>
    <ClCompile Include="fftinputfile.cpp">
      <Filter>Source Files</Filter>
    </ClCompile>
  </ItemGroup>
  <ItemGroup>
    <ClInclude Include="FTSimulatorMainGUI.h">
      <Filter>Header Files</Filter>
    </ClInclude>
    <ClInclude Include="complex.h">
      <Filter>Header Files</Filter>
    </ClInclude>
    <ClInclude Include="DataManagement.h">
      <Filter>Header Files</Filter>
    </ClInclude>
    <ClInclude Include="fft.h">
      <Filter>Header Files</Filter>
    </ClInclude>
    <ClInclude Include="interface.h">
      <Filter>Header Files</Filter>
    </ClInclude>
    <ClInclude Include="latexParser.h">
      <Filter>Header Files</Filter>
    </ClInclude>
    <ClInclude Include="matrixGenerator.h">
      <Filter>Header Files</Filter>
    </ClInclude>
    <ClInclude Include="Parser.h">
      <Filter>Header Files</Filter>
    </ClInclude>
    <ClInclude Include="qft.h">
      <Filter>Header Files</Filter>
    </ClInclude>
    <ClInclude Include="pag2.h">
      <Filter>Header Files</Filter>
    </ClInclude>
    <ClInclude Include="pag3.h">
      <Filter>Header Files</Filter>
    </ClInclude>
    <ClInclude Include="pag4.h">
      <Filter>Header Files</Filter>
    </ClInclude>
    <ClInclude Include="pag5.h">
      <Filter>Header Files</Filter>
    </ClInclude>
    <ClInclude Include="fftinputfile.h">
      <Filter>Header Files</Filter>
    </ClInclude>
  </ItemGroup>
  <ItemGroup>
    <EmbeddedResource Include="FTSimulatorMainGUI.resx">
      <Filter>Resource Files</Filter>
    </EmbeddedResource>
    <EmbeddedResource Include="pag2.resx">
      <Filter>Resource Files</Filter>
    </EmbeddedResource>
    <EmbeddedResource Include="pag3.resx">
      <Filter>Resource Files</Filter>
    </EmbeddedResource>
    <EmbeddedResource Include="pag4.resx">
      <Filter>Resource Files</Filter>
    </EmbeddedResource>
    <EmbeddedResource Include="pag5.resx">
      <Filter>Resource Files</Filter>
    </EmbeddedResource>
    <EmbeddedResource Include="fftinputfile.resx">
      <Filter>Resource Files</Filter>
    </EmbeddedResource>
  </ItemGroup>
</Project>